
Microsoft Visual Studio Solution File, Format Version 12.00
# Visual Studio 15
VisualStudioVersion = 15.0.26403.7
MinimumVisualStudioVersion = 10.0.40219.1
Project("{2150E333-8FDC-42A3-9474-1A3956D46DE8}") = "src", "src", "{0D7AEFA3-ABB0-4AF1-A4C1-F8E05C241753}"
EndProject
Project("{2150E333-8FDC-42A3-9474-1A3956D46DE8}") = "Solution Items", "Solution Items", "{ABB81F71-8F88-41F7-A235-9458DB99BB7D}"
EndProject
Project("{2150E333-8FDC-42A3-9474-1A3956D46DE8}") = "ExtensionA", "ExtensionA", "{F92B44CF-63EE-4781-8244-48ACC5386A8C}"
EndProject
Project("{2150E333-8FDC-42A3-9474-1A3956D46DE8}") = "ExtensionB", "ExtensionB", "{4EA56716-702B-485A-A23A-10E110A85D78}"
EndProject
Project("{2150E333-8FDC-42A3-9474-1A3956D46DE8}") = "NLog", "NLog", "{511BD310-4C03-407B-92EA-34110884C547}"
EndProject
Project("{2150E333-8FDC-42A3-9474-1A3956D46DE8}") = "Swagger", "Swagger", "{8327C820-20D1-4095-8771-E03613D1969F}"
EndProject
Project("{2150E333-8FDC-42A3-9474-1A3956D46DE8}") = "WebAPI", "WebAPI", "{FDEA400A-7F71-4A17-8419-030D80F74A3F}"
EndProject
Project("{2150E333-8FDC-42A3-9474-1A3956D46DE8}") = "Elm", "Elm", "{C49636B1-231E-45A2-8901-10EC68C7CB55}"
EndProject
Project("{2150E333-8FDC-42A3-9474-1A3956D46DE8}") = "Script", "Script", "{925D6751-630E-48FF-9AF8-8DA9E09968CF}"
EndProject
Project("{2150E333-8FDC-42A3-9474-1A3956D46DE8}") = "EFCoreRawQuery", "EFCoreRawQuery", "{28B1769B-CEA4-4B6F-B383-8A0FAF22F108}"
EndProject
Project("{9A19103F-16F7-4668-BE54-9A1E7A4F7556}") = "WebApplication", "src\WebApplication\WebApplication.csproj", "{B511B595-A980-4D5C-BC2A-BCCB4065B433}"
EndProject
Project("{9A19103F-16F7-4668-BE54-9A1E7A4F7556}") = "WebApplication.ExtensionA", "src\WebApplication.ExtensionA\WebApplication.ExtensionA.csproj", "{8D722841-4E2C-4673-A7CC-C2690EFE3915}"
EndProject
Project("{9A19103F-16F7-4668-BE54-9A1E7A4F7556}") = "WebApplication.ExtensionB", "src\WebApplication.ExtensionB\WebApplication.ExtensionB.csproj", "{396A8530-C500-469E-9F6F-A2D9C286C47D}"
EndProject
Project("{9A19103F-16F7-4668-BE54-9A1E7A4F7556}") = "WebApplication.NLog", "src\WebApplication.NLog\WebApplication.NLog.csproj", "{9E4B65AB-3F34-4C81-B02D-8E5643D2B3B9}"
EndProject
Project("{9A19103F-16F7-4668-BE54-9A1E7A4F7556}") = "WebApplication.Swagger", "src\WebApplication.Swagger\WebApplication.Swagger.csproj", "{95E5595E-410B-4A6D-8822-4C07FDC3CF21}"
EndProject
Project("{9A19103F-16F7-4668-BE54-9A1E7A4F7556}") = "WebApplication.WebAPI", "src\WebApplication.WebAPI\WebApplication.WebAPI.csproj", "{7DE66111-BBB6-4C93-B864-9E65CAFD505B}"
EndProject
Project("{9A19103F-16F7-4668-BE54-9A1E7A4F7556}") = "WebApplication.Elm", "src\WebApplication.Elm\WebApplication.Elm.csproj", "{A5C5400D-DD78-4192-B34B-06D81996F0DA}"
EndProject
Project("{9A19103F-16F7-4668-BE54-9A1E7A4F7556}") = "WebApplication.Script", "src\WebApplication.Script\WebApplication.Script.csproj", "{8DC07B1F-ADAA-492C-8F2D-46B9EE579B44}"
EndProject
Project("{9A19103F-16F7-4668-BE54-9A1E7A4F7556}") = "WebApplication.EFCoreRawQuery", "src\WebApplication.EFCoreRawQuery\WebApplication.EFCoreRawQuery.csproj", "{9E153732-43ED-4DA7-B464-32C391CC443E}"
EndProject
Project("{2150E333-8FDC-42A3-9474-1A3956D46DE8}") = "DomainModel", "DomainModel", "{CA30C73C-6C4B-410F-AFDB-07A2BCEED456}"
EndProject
Project("{FAE04EC0-301F-11D3-BF4B-00C04F79EFBC}") = "DomainModel.Extentions", "src\DomainModel\Extentions\DomainModel.Extentions.csproj", "{95B1064A-D20B-4867-A208-057F54E0F984}"
	ProjectSection(ProjectDependencies) = postProject
		{4D5CA518-C87B-4886-BD63-DA3FBDF5DE8F} = {4D5CA518-C87B-4886-BD63-DA3FBDF5DE8F}
		{C948C12E-D584-46FF-B85C-A81AA341A1ED} = {C948C12E-D584-46FF-B85C-A81AA341A1ED}
		{F16CCC3E-227F-48ED-95B7-64B39622B530} = {F16CCC3E-227F-48ED-95B7-64B39622B530}
		{B0AA4F66-55A2-4DA2-A3E6-65824A3EBF38} = {B0AA4F66-55A2-4DA2-A3E6-65824A3EBF38}
		{BB096868-3D0B-431F-BDF5-37388F1E4D18} = {BB096868-3D0B-431F-BDF5-37388F1E4D18}
		{37D1D188-9191-4766-8171-678620C702C4} = {37D1D188-9191-4766-8171-678620C702C4}
		{DE6A91AA-3C4B-4723-8B6B-82E31B5DE127} = {DE6A91AA-3C4B-4723-8B6B-82E31B5DE127}
		{AF6B52DE-2DB1-4328-9F70-BAFAD7B06C22} = {AF6B52DE-2DB1-4328-9F70-BAFAD7B06C22}
	EndProjectSection
EndProject
Project("{FAE04EC0-301F-11D3-BF4B-00C04F79EFBC}") = "DomainModel.Controllers", "src\DomainModel\Controllers\DomainModel.Controllers.csproj", "{B0AA4F66-55A2-4DA2-A3E6-65824A3EBF38}"
	ProjectSection(ProjectDependencies) = postProject
		{4D5CA518-C87B-4886-BD63-DA3FBDF5DE8F} = {4D5CA518-C87B-4886-BD63-DA3FBDF5DE8F}
		{BB096868-3D0B-431F-BDF5-37388F1E4D18} = {BB096868-3D0B-431F-BDF5-37388F1E4D18}
		{DE6A91AA-3C4B-4723-8B6B-82E31B5DE127} = {DE6A91AA-3C4B-4723-8B6B-82E31B5DE127}
	EndProjectSection
EndProject
Project("{FAE04EC0-301F-11D3-BF4B-00C04F79EFBC}") = "DomainModel.Services", "src\DomainModel\Services\DomainModel.Services.csproj", "{37D1D188-9191-4766-8171-678620C702C4}"
EndProject
Project("{FAE04EC0-301F-11D3-BF4B-00C04F79EFBC}") = "DomainModel.Infrastracture.Services", "src\DomainModel\Infrastracture.Service\DomainModel.Infrastracture.Services.csproj", "{DE6A91AA-3C4B-4723-8B6B-82E31B5DE127}"
	ProjectSection(ProjectDependencies) = postProject
		{4D5CA518-C87B-4886-BD63-DA3FBDF5DE8F} = {4D5CA518-C87B-4886-BD63-DA3FBDF5DE8F}
	EndProjectSection
EndProject
Project("{FAE04EC0-301F-11D3-BF4B-00C04F79EFBC}") = "DomainModel.Infrastracture.Repositorys", "src\DomainModel\Infrastracture.Repository\DomainModel.Infrastracture.Repositorys.csproj", "{BB096868-3D0B-431F-BDF5-37388F1E4D18}"
	ProjectSection(ProjectDependencies) = postProject
		{4D5CA518-C87B-4886-BD63-DA3FBDF5DE8F} = {4D5CA518-C87B-4886-BD63-DA3FBDF5DE8F}
	EndProjectSection
EndProject
Project("{FAE04EC0-301F-11D3-BF4B-00C04F79EFBC}") = "DomainModel.Repositorys", "src\DomainModel\Repository\DomainModel.Repositorys.csproj", "{C948C12E-D584-46FF-B85C-A81AA341A1ED}"
	ProjectSection(ProjectDependencies) = postProject
		{4D5CA518-C87B-4886-BD63-DA3FBDF5DE8F} = {4D5CA518-C87B-4886-BD63-DA3FBDF5DE8F}
		{BB096868-3D0B-431F-BDF5-37388F1E4D18} = {BB096868-3D0B-431F-BDF5-37388F1E4D18}
	EndProjectSection
EndProject
Project("{FAE04EC0-301F-11D3-BF4B-00C04F79EFBC}") = "DomainModel.Models", "src\DomainModel\Models\DomainModel.Models.csproj", "{4D5CA518-C87B-4886-BD63-DA3FBDF5DE8F}"
EndProject
Project("{FAE04EC0-301F-11D3-BF4B-00C04F79EFBC}") = "DomainModel.Infrastracture.Daos", "src\DomainModel\DomainModel.Infrastracture.Daos\DomainModel.Infrastracture.Daos.csproj", "{F16CCC3E-227F-48ED-95B7-64B39622B530}"
EndProject
Project("{FAE04EC0-301F-11D3-BF4B-00C04F79EFBC}") = "DomainModel.Daos", "src\DomainModel\DomainModel.Daos\DomainModel.Daos.csproj", "{AF6B52DE-2DB1-4328-9F70-BAFAD7B06C22}"
	ProjectSection(ProjectDependencies) = postProject
		{F16CCC3E-227F-48ED-95B7-64B39622B530} = {F16CCC3E-227F-48ED-95B7-64B39622B530}
	EndProjectSection
EndProject
Global
	GlobalSection(SolutionConfigurationPlatforms) = preSolution
		Debug|Any CPU = Debug|Any CPU
		Release|Any CPU = Release|Any CPU
	EndGlobalSection
	GlobalSection(ProjectConfigurationPlatforms) = postSolution
		{B511B595-A980-4D5C-BC2A-BCCB4065B433}.Debug|Any CPU.ActiveCfg = Debug|Any CPU
		{B511B595-A980-4D5C-BC2A-BCCB4065B433}.Debug|Any CPU.Build.0 = Debug|Any CPU
		{B511B595-A980-4D5C-BC2A-BCCB4065B433}.Release|Any CPU.ActiveCfg = Release|Any CPU
		{B511B595-A980-4D5C-BC2A-BCCB4065B433}.Release|Any CPU.Build.0 = Release|Any CPU
		{8D722841-4E2C-4673-A7CC-C2690EFE3915}.Debug|Any CPU.ActiveCfg = Debug|Any CPU
		{8D722841-4E2C-4673-A7CC-C2690EFE3915}.Debug|Any CPU.Build.0 = Debug|Any CPU
		{8D722841-4E2C-4673-A7CC-C2690EFE3915}.Release|Any CPU.ActiveCfg = Release|Any CPU
		{8D722841-4E2C-4673-A7CC-C2690EFE3915}.Release|Any CPU.Build.0 = Release|Any CPU
		{396A8530-C500-469E-9F6F-A2D9C286C47D}.Debug|Any CPU.ActiveCfg = Debug|Any CPU
		{396A8530-C500-469E-9F6F-A2D9C286C47D}.Debug|Any CPU.Build.0 = Debug|Any CPU
		{396A8530-C500-469E-9F6F-A2D9C286C47D}.Release|Any CPU.ActiveCfg = Release|Any CPU
		{396A8530-C500-469E-9F6F-A2D9C286C47D}.Release|Any CPU.Build.0 = Release|Any CPU
		{9E4B65AB-3F34-4C81-B02D-8E5643D2B3B9}.Debug|Any CPU.ActiveCfg = Debug|Any CPU
		{9E4B65AB-3F34-4C81-B02D-8E5643D2B3B9}.Debug|Any CPU.Build.0 = Debug|Any CPU
		{9E4B65AB-3F34-4C81-B02D-8E5643D2B3B9}.Release|Any CPU.ActiveCfg = Release|Any CPU
		{9E4B65AB-3F34-4C81-B02D-8E5643D2B3B9}.Release|Any CPU.Build.0 = Release|Any CPU
		{95E5595E-410B-4A6D-8822-4C07FDC3CF21}.Debug|Any CPU.ActiveCfg = Debug|Any CPU
		{95E5595E-410B-4A6D-8822-4C07FDC3CF21}.Debug|Any CPU.Build.0 = Debug|Any CPU
		{95E5595E-410B-4A6D-8822-4C07FDC3CF21}.Release|Any CPU.ActiveCfg = Release|Any CPU
		{95E5595E-410B-4A6D-8822-4C07FDC3CF21}.Release|Any CPU.Build.0 = Release|Any CPU
		{7DE66111-BBB6-4C93-B864-9E65CAFD505B}.Debug|Any CPU.ActiveCfg = Debug|Any CPU
		{7DE66111-BBB6-4C93-B864-9E65CAFD505B}.Debug|Any CPU.Build.0 = Debug|Any CPU
		{7DE66111-BBB6-4C93-B864-9E65CAFD505B}.Release|Any CPU.ActiveCfg = Release|Any CPU
		{7DE66111-BBB6-4C93-B864-9E65CAFD505B}.Release|Any CPU.Build.0 = Release|Any CPU
		{A5C5400D-DD78-4192-B34B-06D81996F0DA}.Debug|Any CPU.ActiveCfg = Debug|Any CPU
		{A5C5400D-DD78-4192-B34B-06D81996F0DA}.Debug|Any CPU.Build.0 = Debug|Any CPU
		{A5C5400D-DD78-4192-B34B-06D81996F0DA}.Release|Any CPU.ActiveCfg = Release|Any CPU
		{A5C5400D-DD78-4192-B34B-06D81996F0DA}.Release|Any CPU.Build.0 = Release|Any CPU
		{8DC07B1F-ADAA-492C-8F2D-46B9EE579B44}.Debug|Any CPU.ActiveCfg = Debug|Any CPU
		{8DC07B1F-ADAA-492C-8F2D-46B9EE579B44}.Debug|Any CPU.Build.0 = Debug|Any CPU
		{8DC07B1F-ADAA-492C-8F2D-46B9EE579B44}.Release|Any CPU.ActiveCfg = Release|Any CPU
		{8DC07B1F-ADAA-492C-8F2D-46B9EE579B44}.Release|Any CPU.Build.0 = Release|Any CPU
		{9E153732-43ED-4DA7-B464-32C391CC443E}.Debug|Any CPU.ActiveCfg = Debug|Any CPU
		{9E153732-43ED-4DA7-B464-32C391CC443E}.Debug|Any CPU.Build.0 = Debug|Any CPU
		{9E153732-43ED-4DA7-B464-32C391CC443E}.Release|Any CPU.ActiveCfg = Release|Any CPU
		{9E153732-43ED-4DA7-B464-32C391CC443E}.Release|Any CPU.Build.0 = Release|Any CPU
		{95B1064A-D20B-4867-A208-057F54E0F984}.Debug|Any CPU.ActiveCfg = Debug|Any CPU
		{95B1064A-D20B-4867-A208-057F54E0F984}.Debug|Any CPU.Build.0 = Debug|Any CPU
		{95B1064A-D20B-4867-A208-057F54E0F984}.Release|Any CPU.ActiveCfg = Release|Any CPU
		{95B1064A-D20B-4867-A208-057F54E0F984}.Release|Any CPU.Build.0 = Release|Any CPU
		{B0AA4F66-55A2-4DA2-A3E6-65824A3EBF38}.Debug|Any CPU.ActiveCfg = Debug|Any CPU
		{B0AA4F66-55A2-4DA2-A3E6-65824A3EBF38}.Debug|Any CPU.Build.0 = Debug|Any CPU
		{B0AA4F66-55A2-4DA2-A3E6-65824A3EBF38}.Release|Any CPU.ActiveCfg = Release|Any CPU
		{B0AA4F66-55A2-4DA2-A3E6-65824A3EBF38}.Release|Any CPU.Build.0 = Release|Any CPU
		{37D1D188-9191-4766-8171-678620C702C4}.Debug|Any CPU.ActiveCfg = Debug|Any CPU
		{37D1D188-9191-4766-8171-678620C702C4}.Debug|Any CPU.Build.0 = Debug|Any CPU
		{37D1D188-9191-4766-8171-678620C702C4}.Release|Any CPU.ActiveCfg = Release|Any CPU
		{37D1D188-9191-4766-8171-678620C702C4}.Release|Any CPU.Build.0 = Release|Any CPU
		{DE6A91AA-3C4B-4723-8B6B-82E31B5DE127}.Debug|Any CPU.ActiveCfg = Debug|Any CPU
		{DE6A91AA-3C4B-4723-8B6B-82E31B5DE127}.Debug|Any CPU.Build.0 = Debug|Any CPU
		{DE6A91AA-3C4B-4723-8B6B-82E31B5DE127}.Release|Any CPU.ActiveCfg = Release|Any CPU
		{DE6A91AA-3C4B-4723-8B6B-82E31B5DE127}.Release|Any CPU.Build.0 = Release|Any CPU
		{BB096868-3D0B-431F-BDF5-37388F1E4D18}.Debug|Any CPU.ActiveCfg = Debug|Any CPU
		{BB096868-3D0B-431F-BDF5-37388F1E4D18}.Debug|Any CPU.Build.0 = Debug|Any CPU
		{BB096868-3D0B-431F-BDF5-37388F1E4D18}.Release|Any CPU.ActiveCfg = Release|Any CPU
		{BB096868-3D0B-431F-BDF5-37388F1E4D18}.Release|Any CPU.Build.0 = Release|Any CPU
		{C948C12E-D584-46FF-B85C-A81AA341A1ED}.Debug|Any CPU.ActiveCfg = Debug|Any CPU
		{C948C12E-D584-46FF-B85C-A81AA341A1ED}.Debug|Any CPU.Build.0 = Debug|Any CPU
		{C948C12E-D584-46FF-B85C-A81AA341A1ED}.Release|Any CPU.ActiveCfg = Release|Any CPU
		{C948C12E-D584-46FF-B85C-A81AA341A1ED}.Release|Any CPU.Build.0 = Release|Any CPU
		{4D5CA518-C87B-4886-BD63-DA3FBDF5DE8F}.Debug|Any CPU.ActiveCfg = Debug|Any CPU
		{4D5CA518-C87B-4886-BD63-DA3FBDF5DE8F}.Debug|Any CPU.Build.0 = Debug|Any CPU
		{4D5CA518-C87B-4886-BD63-DA3FBDF5DE8F}.Release|Any CPU.ActiveCfg = Release|Any CPU
		{4D5CA518-C87B-4886-BD63-DA3FBDF5DE8F}.Release|Any CPU.Build.0 = Release|Any CPU
		{F16CCC3E-227F-48ED-95B7-64B39622B530}.Debug|Any CPU.ActiveCfg = Debug|Any CPU
		{F16CCC3E-227F-48ED-95B7-64B39622B530}.Debug|Any CPU.Build.0 = Debug|Any CPU
		{F16CCC3E-227F-48ED-95B7-64B39622B530}.Release|Any CPU.ActiveCfg = Release|Any CPU
		{F16CCC3E-227F-48ED-95B7-64B39622B530}.Release|Any CPU.Build.0 = Release|Any CPU
		{AF6B52DE-2DB1-4328-9F70-BAFAD7B06C22}.Debug|Any CPU.ActiveCfg = Debug|Any CPU
		{AF6B52DE-2DB1-4328-9F70-BAFAD7B06C22}.Debug|Any CPU.Build.0 = Debug|Any CPU
		{AF6B52DE-2DB1-4328-9F70-BAFAD7B06C22}.Release|Any CPU.ActiveCfg = Release|Any CPU
		{AF6B52DE-2DB1-4328-9F70-BAFAD7B06C22}.Release|Any CPU.Build.0 = Release|Any CPU
	EndGlobalSection
	GlobalSection(SolutionProperties) = preSolution
		HideSolutionNode = FALSE
	EndGlobalSection
	GlobalSection(NestedProjects) = preSolution
		{F92B44CF-63EE-4781-8244-48ACC5386A8C} = {0D7AEFA3-ABB0-4AF1-A4C1-F8E05C241753}
		{4EA56716-702B-485A-A23A-10E110A85D78} = {0D7AEFA3-ABB0-4AF1-A4C1-F8E05C241753}
		{511BD310-4C03-407B-92EA-34110884C547} = {0D7AEFA3-ABB0-4AF1-A4C1-F8E05C241753}
		{8327C820-20D1-4095-8771-E03613D1969F} = {0D7AEFA3-ABB0-4AF1-A4C1-F8E05C241753}
		{FDEA400A-7F71-4A17-8419-030D80F74A3F} = {0D7AEFA3-ABB0-4AF1-A4C1-F8E05C241753}
		{C49636B1-231E-45A2-8901-10EC68C7CB55} = {0D7AEFA3-ABB0-4AF1-A4C1-F8E05C241753}
		{925D6751-630E-48FF-9AF8-8DA9E09968CF} = {0D7AEFA3-ABB0-4AF1-A4C1-F8E05C241753}
		{28B1769B-CEA4-4B6F-B383-8A0FAF22F108} = {0D7AEFA3-ABB0-4AF1-A4C1-F8E05C241753}
		{B511B595-A980-4D5C-BC2A-BCCB4065B433} = {0D7AEFA3-ABB0-4AF1-A4C1-F8E05C241753}
		{8D722841-4E2C-4673-A7CC-C2690EFE3915} = {F92B44CF-63EE-4781-8244-48ACC5386A8C}
		{396A8530-C500-469E-9F6F-A2D9C286C47D} = {4EA56716-702B-485A-A23A-10E110A85D78}
		{9E4B65AB-3F34-4C81-B02D-8E5643D2B3B9} = {511BD310-4C03-407B-92EA-34110884C547}
		{95E5595E-410B-4A6D-8822-4C07FDC3CF21} = {8327C820-20D1-4095-8771-E03613D1969F}
		{7DE66111-BBB6-4C93-B864-9E65CAFD505B} = {FDEA400A-7F71-4A17-8419-030D80F74A3F}
		{A5C5400D-DD78-4192-B34B-06D81996F0DA} = {C49636B1-231E-45A2-8901-10EC68C7CB55}
		{8DC07B1F-ADAA-492C-8F2D-46B9EE579B44} = {925D6751-630E-48FF-9AF8-8DA9E09968CF}
		{9E153732-43ED-4DA7-B464-32C391CC443E} = {28B1769B-CEA4-4B6F-B383-8A0FAF22F108}
		{CA30C73C-6C4B-410F-AFDB-07A2BCEED456} = {0D7AEFA3-ABB0-4AF1-A4C1-F8E05C241753}
		{95B1064A-D20B-4867-A208-057F54E0F984} = {CA30C73C-6C4B-410F-AFDB-07A2BCEED456}
		{B0AA4F66-55A2-4DA2-A3E6-65824A3EBF38} = {CA30C73C-6C4B-410F-AFDB-07A2BCEED456}
		{37D1D188-9191-4766-8171-678620C702C4} = {CA30C73C-6C4B-410F-AFDB-07A2BCEED456}
		{DE6A91AA-3C4B-4723-8B6B-82E31B5DE127} = {CA30C73C-6C4B-410F-AFDB-07A2BCEED456}
		{BB096868-3D0B-431F-BDF5-37388F1E4D18} = {CA30C73C-6C4B-410F-AFDB-07A2BCEED456}
		{C948C12E-D584-46FF-B85C-A81AA341A1ED} = {CA30C73C-6C4B-410F-AFDB-07A2BCEED456}
		{4D5CA518-C87B-4886-BD63-DA3FBDF5DE8F} = {CA30C73C-6C4B-410F-AFDB-07A2BCEED456}
		{F16CCC3E-227F-48ED-95B7-64B39622B530} = {CA30C73C-6C4B-410F-AFDB-07A2BCEED456}
		{AF6B52DE-2DB1-4328-9F70-BAFAD7B06C22} = {CA30C73C-6C4B-410F-AFDB-07A2BCEED456}
	EndGlobalSection
EndGlobal
